// !$*UTF8*$!
{
	archiveVersion = 1;
	classes = {
	};
	objectVersion = 48;
	objects = {

/* Begin PBXBuildFile section */
		1241204522F124750088CE08 /* ParknavBottomBannetViewController.swift in Sources */ = {isa = PBXBuildFile; fileRef = 1241204422F124740088CE08 /* ParknavBottomBannetViewController.swift */; };
		5209309E20E3C60C00401928 /* DoubleExtension.swift in Sources */ = {isa = PBXBuildFile; fileRef = 5209309D20E3C60C00401928 /* DoubleExtension.swift */; };
		520E301D219D883600E82B64 /* ParknavRouteLayersWorker.swift in Sources */ = {isa = PBXBuildFile; fileRef = 520E301C219D883600E82B64 /* ParknavRouteLayersWorker.swift */; };
		521AC5D520E7D6E7004D4B53 /* ParknavMBNavigationPresenter.swift in Sources */ = {isa = PBXBuildFile; fileRef = 521AC5CF20E7D6E7004D4B53 /* ParknavMBNavigationPresenter.swift */; };
		521AC5D720E7D6E7004D4B53 /* ParknavMBNavigationRouter.swift in Sources */ = {isa = PBXBuildFile; fileRef = 521AC5D120E7D6E7004D4B53 /* ParknavMBNavigationRouter.swift */; };
		521AC5D920E7D6E7004D4B53 /* ParknavMBNavigationViewController.swift in Sources */ = {isa = PBXBuildFile; fileRef = 521AC5D320E7D6E7004D4B53 /* ParknavMBNavigationViewController.swift */; };
		521AC5DA20E7D6E7004D4B53 /* ParknavMBNavigationInteractor.swift in Sources */ = {isa = PBXBuildFile; fileRef = 521AC5D420E7D6E7004D4B53 /* ParknavMBNavigationInteractor.swift */; };
		522551B0209087C3007F391A /* LocationHistoryService.swift in Sources */ = {isa = PBXBuildFile; fileRef = 522551AF209087C3007F391A /* LocationHistoryService.swift */; };
		522551B42090B5BB007F391A /* Media.xcassets in Resources */ = {isa = PBXBuildFile; fileRef = 522551B32090B5BB007F391A /* Media.xcassets */; };
		52263BCC20A1E6C6000B162C /* LocalizedString.swift in Sources */ = {isa = PBXBuildFile; fileRef = 52263BCB20A1E6C6000B162C /* LocalizedString.swift */; };
		52263BCE20A20F92000B162C /* ParknavMapStyles.swift in Sources */ = {isa = PBXBuildFile; fileRef = 52263BCD20A20F92000B162C /* ParknavMapStyles.swift */; };
		5226A8982086523900C25B29 /* ParknavSDK.h in Headers */ = {isa = PBXBuildFile; fileRef = 5226A8962086523900C25B29 /* ParknavSDK.h */; settings = {ATTRIBUTES = (Public, ); }; };
		523502AC20EA37610093AE9D /* ParknavPresenter.swift in Sources */ = {isa = PBXBuildFile; fileRef = 523502AB20EA37610093AE9D /* ParknavPresenter.swift */; };
		523502AE20EA38300093AE9D /* ParknavDisplayLogic.swift in Sources */ = {isa = PBXBuildFile; fileRef = 523502AD20EA38300093AE9D /* ParknavDisplayLogic.swift */; };
		523502B020EA39740093AE9D /* UIViewControllerExtension.swift in Sources */ = {isa = PBXBuildFile; fileRef = 523502AF20EA39740093AE9D /* UIViewControllerExtension.swift */; };
		5253F2F820B8325000BEEE62 /* GeoJSON.swift in Sources */ = {isa = PBXBuildFile; fileRef = 5253F2F720B8325000BEEE62 /* GeoJSON.swift */; };
		52640D40209CA1C8000A56F5 /* ParknavEventsListener.swift in Sources */ = {isa = PBXBuildFile; fileRef = 52640D3F209CA1C8000A56F5 /* ParknavEventsListener.swift */; };
		526B38DC20E12A310077C8B2 /* RouteTypeView.swift in Sources */ = {isa = PBXBuildFile; fileRef = 526B38DB20E12A310077C8B2 /* RouteTypeView.swift */; };
		526B38DE20E131CD0077C8B2 /* UIViewExtension.swift in Sources */ = {isa = PBXBuildFile; fileRef = 526B38DD20E131CD0077C8B2 /* UIViewExtension.swift */; };
		526B38E020E2592F0077C8B2 /* ParknavNavigationObject.swift in Sources */ = {isa = PBXBuildFile; fileRef = 526B38DF20E2592F0077C8B2 /* ParknavNavigationObject.swift */; };
		526B68DD208F58A3001C911F /* CLLocationExtension.swift in Sources */ = {isa = PBXBuildFile; fileRef = 526B68DC208F58A3001C911F /* CLLocationExtension.swift */; };
		52879DD8212D6C06008E78D1 /* ParknavAPI.swift in Sources */ = {isa = PBXBuildFile; fileRef = 52879DD7212D6C06008E78D1 /* ParknavAPI.swift */; };
		5289DF18208766A200DD759D /* ParknavConstans.swift in Sources */ = {isa = PBXBuildFile; fileRef = 5289DF17208766A200DD759D /* ParknavConstans.swift */; };
		5289DF1A208766CE00DD759D /* ParknavRouteOptions.swift in Sources */ = {isa = PBXBuildFile; fileRef = 5289DF19208766CE00DD759D /* ParknavRouteOptions.swift */; };
		5289F5D220CAF31500CBAF01 /* ParkingMenuView.swift in Sources */ = {isa = PBXBuildFile; fileRef = 5289F5D120CAF31500CBAF01 /* ParkingMenuView.swift */; };
		5289F5D420CAF32E00CBAF01 /* ParkingMenuView.xib in Resources */ = {isa = PBXBuildFile; fileRef = 5289F5D320CAF32E00CBAF01 /* ParkingMenuView.xib */; };
		5292416E21B0109A0098E8F4 /* GaragesLayer.swift in Sources */ = {isa = PBXBuildFile; fileRef = 5292416D21B0109A0098E8F4 /* GaragesLayer.swift */; };
		52927F8A2091D29A0042A5C8 /* ParknavService.swift in Sources */ = {isa = PBXBuildFile; fileRef = 52927F892091D29A0042A5C8 /* ParknavService.swift */; };
		52927F8C2091DF950042A5C8 /* ParknavServiceHelper.swift in Sources */ = {isa = PBXBuildFile; fileRef = 52927F8B2091DF950042A5C8 /* ParknavServiceHelper.swift */; };
		52927F8E209248320042A5C8 /* RequestExtension.swift in Sources */ = {isa = PBXBuildFile; fileRef = 52927F8D209248320042A5C8 /* RequestExtension.swift */; };
		52927F9020924AF40042A5C8 /* ResponseSerializationProtocols.swift in Sources */ = {isa = PBXBuildFile; fileRef = 52927F8F20924AF40042A5C8 /* ResponseSerializationProtocols.swift */; };
		52927F9220924B470042A5C8 /* BackendError.swift in Sources */ = {isa = PBXBuildFile; fileRef = 52927F9120924B470042A5C8 /* BackendError.swift */; };
		52927F9520924C760042A5C8 /* DirectionsResponse.swift in Sources */ = {isa = PBXBuildFile; fileRef = 52927F9420924C760042A5C8 /* DirectionsResponse.swift */; };
		52927F9920948CB30042A5C8 /* UserDefaultsService.swift in Sources */ = {isa = PBXBuildFile; fileRef = 52927F9820948CB30042A5C8 /* UserDefaultsService.swift */; };
		52927F9B20949EBC0042A5C8 /* BundleExtension.swift in Sources */ = {isa = PBXBuildFile; fileRef = 52927F9A20949EBC0042A5C8 /* BundleExtension.swift */; };
		5297268620C56A6B008DA71D /* ParknavLayer.swift in Sources */ = {isa = PBXBuildFile; fileRef = 5297268520C56A6B008DA71D /* ParknavLayer.swift */; };
		5297268820C56CBB008DA71D /* ParknavLayersService.swift in Sources */ = {isa = PBXBuildFile; fileRef = 5297268720C56CBA008DA71D /* ParknavLayersService.swift */; };
		5297268A20C57907008DA71D /* HeatmapLayer.swift in Sources */ = {isa = PBXBuildFile; fileRef = 5297268920C57907008DA71D /* HeatmapLayer.swift */; };
		5297268C20C590AD008DA71D /* BestAreaLayer.swift in Sources */ = {isa = PBXBuildFile; fileRef = 5297268B20C590AD008DA71D /* BestAreaLayer.swift */; };
		5297268E20C59725008DA71D /* LayerRules.swift in Sources */ = {isa = PBXBuildFile; fileRef = 5297268D20C59725008DA71D /* LayerRules.swift */; };
		529726E320C96FB9008DA71D /* ParkingChancePresenter.swift in Sources */ = {isa = PBXBuildFile; fileRef = 529726DD20C96FB9008DA71D /* ParkingChancePresenter.swift */; };
		529726E520C96FB9008DA71D /* ParkingChanceRouter.swift in Sources */ = {isa = PBXBuildFile; fileRef = 529726DF20C96FB9008DA71D /* ParkingChanceRouter.swift */; };
		529726E820C96FB9008DA71D /* ParkingChanceInteractor.swift in Sources */ = {isa = PBXBuildFile; fileRef = 529726E220C96FB9008DA71D /* ParkingChanceInteractor.swift */; };
		529726EA20C99183008DA71D /* ParkingChance.storyboard in Resources */ = {isa = PBXBuildFile; fileRef = 529726E920C99183008DA71D /* ParkingChance.storyboard */; };
		529AB57E218327BC00B51AB1 /* AppStoryboard.swift in Sources */ = {isa = PBXBuildFile; fileRef = 529AB57D218327BC00B51AB1 /* AppStoryboard.swift */; };
		529AB58721832DE700B51AB1 /* UIWindowExtension.swift in Sources */ = {isa = PBXBuildFile; fileRef = 529AB58621832DE700B51AB1 /* UIWindowExtension.swift */; };
		529AB58E2183549B00B51AB1 /* LockViewController.swift in Sources */ = {isa = PBXBuildFile; fileRef = 529AB58D2183549B00B51AB1 /* LockViewController.swift */; };
		529E4D5420E7DC28008F9CDA /* ParkingChanceViewController.swift in Sources */ = {isa = PBXBuildFile; fileRef = 529E4D5320E7DC28008F9CDA /* ParkingChanceViewController.swift */; };
		52B3E72420EE5E620090D623 /* ParknavNavigation.storyboard in Resources */ = {isa = PBXBuildFile; fileRef = 52B3E71E20EE5E620090D623 /* ParknavNavigation.storyboard */; };
		52B3E72520EE5E620090D623 /* ParknavNavigationRouter.swift in Sources */ = {isa = PBXBuildFile; fileRef = 52B3E71F20EE5E620090D623 /* ParknavNavigationRouter.swift */; };
		52B3E72620EE5E620090D623 /* ParknavNavigationPresenter.swift in Sources */ = {isa = PBXBuildFile; fileRef = 52B3E72020EE5E620090D623 /* ParknavNavigationPresenter.swift */; };
		52B3E72720EE5E620090D623 /* ParknavNavigationInteractor.swift in Sources */ = {isa = PBXBuildFile; fileRef = 52B3E72120EE5E620090D623 /* ParknavNavigationInteractor.swift */; };
		52B3E72820EE5E620090D623 /* ParknavNavigationModels.swift in Sources */ = {isa = PBXBuildFile; fileRef = 52B3E72220EE5E620090D623 /* ParknavNavigationModels.swift */; };
		52B3E72920EE5E620090D623 /* ParknavNavigationViewController.swift in Sources */ = {isa = PBXBuildFile; fileRef = 52B3E72320EE5E620090D623 /* ParknavNavigationViewController.swift */; };
		52BD967B21AC9CBD00CC9B8D /* Garage.swift in Sources */ = {isa = PBXBuildFile; fileRef = 52BD967A21AC9CBD00CC9B8D /* Garage.swift */; };
		52BFBD8F2167A08F00DCC6E6 /* ParknavNavigationPreviewRouter.swift in Sources */ = {isa = PBXBuildFile; fileRef = 52BFBD882167A08F00DCC6E6 /* ParknavNavigationPreviewRouter.swift */; };
		52BFBD902167A08F00DCC6E6 /* ParknavNavigationPreviewModels.swift in Sources */ = {isa = PBXBuildFile; fileRef = 52BFBD892167A08F00DCC6E6 /* ParknavNavigationPreviewModels.swift */; };
		52BFBD912167A08F00DCC6E6 /* ParknavNavigationPreviewInteractor.swift in Sources */ = {isa = PBXBuildFile; fileRef = 52BFBD8A2167A08F00DCC6E6 /* ParknavNavigationPreviewInteractor.swift */; };
		52BFBD922167A08F00DCC6E6 /* ParknavNavigationWithPreview.storyboard in Resources */ = {isa = PBXBuildFile; fileRef = 52BFBD8B2167A08F00DCC6E6 /* ParknavNavigationWithPreview.storyboard */; };
		52BFBD932167A08F00DCC6E6 /* ParknavNavigationWithPreviewViewController.swift in Sources */ = {isa = PBXBuildFile; fileRef = 52BFBD8C2167A08F00DCC6E6 /* ParknavNavigationWithPreviewViewController.swift */; };
		52BFBD942167A08F00DCC6E6 /* ParknavNavigationPreviewPresenter.swift in Sources */ = {isa = PBXBuildFile; fileRef = 52BFBD8D2167A08F00DCC6E6 /* ParknavNavigationPreviewPresenter.swift */; };
		52BFBDA52167BBC000DCC6E6 /* RoundButton.swift in Sources */ = {isa = PBXBuildFile; fileRef = 52BFBDA42167BBC000DCC6E6 /* RoundButton.swift */; };
		52C6BD9B208E3A9C00BC9327 /* ParknavNavigationWorker.swift in Sources */ = {isa = PBXBuildFile; fileRef = 52C6BD95208E3A9C00BC9327 /* ParknavNavigationWorker.swift */; };
		52C84D9220BEB975009247CB /* StyleColorsScheme.swift in Sources */ = {isa = PBXBuildFile; fileRef = 52C84D9120BEB975009247CB /* StyleColorsScheme.swift */; };
		52C93F602216F01D00EABE13 /* UIBarButtonItemExtension.swift in Sources */ = {isa = PBXBuildFile; fileRef = 52C93F5F2216F01D00EABE13 /* UIBarButtonItemExtension.swift */; };
		52DF4F81219867E20001C4F1 /* RouteMessageView.swift in Sources */ = {isa = PBXBuildFile; fileRef = 52DF4F80219867E20001C4F1 /* RouteMessageView.swift */; };
		52DF4F83219867EC0001C4F1 /* RouteMessageView.xib in Resources */ = {isa = PBXBuildFile; fileRef = 52DF4F82219867EC0001C4F1 /* RouteMessageView.xib */; };
		52EE953221749B5F0056A33F /* RouteMessage.swift in Sources */ = {isa = PBXBuildFile; fileRef = 52EE953121749B5F0056A33F /* RouteMessage.swift */; };
		52EE953421749C900056A33F /* StringExtension.swift in Sources */ = {isa = PBXBuildFile; fileRef = 52EE953321749C900056A33F /* StringExtension.swift */; };
		52EE95362174A3220056A33F /* RouteExtension.swift in Sources */ = {isa = PBXBuildFile; fileRef = 52EE95352174A3220056A33F /* RouteExtension.swift */; };
		52EE95382174B3430056A33F /* UIImageExtension.swift in Sources */ = {isa = PBXBuildFile; fileRef = 52EE95372174B3430056A33F /* UIImageExtension.swift */; };
		52EE953A2174ED140056A33F /* UINavigationBarExtension.swift in Sources */ = {isa = PBXBuildFile; fileRef = 52EE95392174ED140056A33F /* UINavigationBarExtension.swift */; };
		8F6F992843BC79A9D6EAA8E5 /* Pods_ParknavSDK.framework in Frameworks */ = {isa = PBXBuildFile; fileRef = 1E546C038421314C70A499D6 /* Pods_ParknavSDK.framework */; };
		C4BCAF2F26851FDC00AAF698 /* LayerTypeExtension.swift in Sources */ = {isa = PBXBuildFile; fileRef = C4BCAF2E26851FDC00AAF698 /* LayerTypeExtension.swift */; };
		C4BCAF322685264700AAF698 /* ParknavNavigationPreviewViewControllerExtension.swift in Sources */ = {isa = PBXBuildFile; fileRef = C4BCAF312685264700AAF698 /* ParknavNavigationPreviewViewControllerExtension.swift */; };
		C4BCAF352685E0DD00AAF698 /* ParkingChanceViewControllerExtension.swift in Sources */ = {isa = PBXBuildFile; fileRef = C4BCAF342685E0DD00AAF698 /* ParkingChanceViewControllerExtension.swift */; };
		C4C931A3266671B4009DDDFF /* DirectionsResponseExtension.swift in Sources */ = {isa = PBXBuildFile; fileRef = C4C931A2266671B4009DDDFF /* DirectionsResponseExtension.swift */; };
		C4C931A52666853B009DDDFF /* NavigationExitType.swift in Sources */ = {isa = PBXBuildFile; fileRef = C4C931A42666853B009DDDFF /* NavigationExitType.swift */; };
		C4C931A92666CA5C009DDDFF /* GarageExtension.swift in Sources */ = {isa = PBXBuildFile; fileRef = C4C931A82666CA5C009DDDFF /* GarageExtension.swift */; };
		C4C931B32666DBD5009DDDFF /* ParknavLayerExtension.swift in Sources */ = {isa = PBXBuildFile; fileRef = C4C931B22666DBD5009DDDFF /* ParknavLayerExtension.swift */; };
		C4C931B52666DEFD009DDDFF /* HeatmapLayerExtension.swift in Sources */ = {isa = PBXBuildFile; fileRef = C4C931B42666DEFD009DDDFF /* HeatmapLayerExtension.swift */; };
		C4C931B72666E0E0009DDDFF /* BestAreaLayerExtension.swift in Sources */ = {isa = PBXBuildFile; fileRef = C4C931B62666E0E0009DDDFF /* BestAreaLayerExtension.swift */; };
		C4C931B92666E166009DDDFF /* GaragesLayerExtension.swift in Sources */ = {isa = PBXBuildFile; fileRef = C4C931B82666E166009DDDFF /* GaragesLayerExtension.swift */; };
		C4C931BC2666E8DF009DDDFF /* ServiceEndpointInfo.swift in Sources */ = {isa = PBXBuildFile; fileRef = C4C931BB2666E8DE009DDDFF /* ServiceEndpointInfo.swift */; };
		C4C931C026678D6F009DDDFF /* RouteType.swift in Sources */ = {isa = PBXBuildFile; fileRef = C4C931BF26678D6F009DDDFF /* RouteType.swift */; };
		C4C931C52667B16E009DDDFF /* StyleColorsSchemeExtension.swift in Sources */ = {isa = PBXBuildFile; fileRef = C4C931C42667B16E009DDDFF /* StyleColorsSchemeExtension.swift */; };
		C4C931C72667B264009DDDFF /* LayerType.swift in Sources */ = {isa = PBXBuildFile; fileRef = C4C931C62667B264009DDDFF /* LayerType.swift */; };
		C4C931CB2667B70C009DDDFF /* LayerRulesExtension.swift in Sources */ = {isa = PBXBuildFile; fileRef = C4C931CA2667B70C009DDDFF /* LayerRulesExtension.swift */; };
		C4C931DD2667D8FC009DDDFF /* Localizable.strings in Resources */ = {isa = PBXBuildFile; fileRef = C4C931DF2667D8FC009DDDFF /* Localizable.strings */; };
		C4C931E42667F818009DDDFF /* ParknavNavigationViewControllerExtension.swift in Sources */ = {isa = PBXBuildFile; fileRef = C4C931E32667F818009DDDFF /* ParknavNavigationViewControllerExtension.swift */; };
/* End PBXBuildFile section */

/* Begin PBXFileReference section */
		1241204422F124740088CE08 /* ParknavBottomBannetViewController.swift */ = {isa = PBXFileReference; fileEncoding = 4; lastKnownFileType = sourcecode.swift; path = ParknavBottomBannetViewController.swift; sourceTree = "<group>"; };
		1E546C038421314C70A499D6 /* Pods_ParknavSDK.framework */ = {isa = PBXFileReference; explicitFileType = wrapper.framework; includeInIndex = 0; path = Pods_ParknavSDK.framework; sourceTree = BUILT_PRODUCTS_DIR; };
		3EFBACB7E568A9800135889C /* Pods-ParknavSDK.debug.xcconfig */ = {isa = PBXFileReference; includeInIndex = 1; lastKnownFileType = text.xcconfig; name = "Pods-ParknavSDK.debug.xcconfig"; path = "Pods/Target Support Files/Pods-ParknavSDK/Pods-ParknavSDK.debug.xcconfig"; sourceTree = "<group>"; };
		5209309D20E3C60C00401928 /* DoubleExtension.swift */ = {isa = PBXFileReference; fileEncoding = 4; lastKnownFileType = sourcecode.swift; path = DoubleExtension.swift; sourceTree = "<group>"; };
		520E301C219D883600E82B64 /* ParknavRouteLayersWorker.swift */ = {isa = PBXFileReference; lastKnownFileType = sourcecode.swift; path = ParknavRouteLayersWorker.swift; sourceTree = "<group>"; };
		521AC5CF20E7D6E7004D4B53 /* ParknavMBNavigationPresenter.swift */ = {isa = PBXFileReference; lastKnownFileType = sourcecode.swift; path = ParknavMBNavigationPresenter.swift; sourceTree = "<group>"; };
		521AC5D120E7D6E7004D4B53 /* ParknavMBNavigationRouter.swift */ = {isa = PBXFileReference; lastKnownFileType = sourcecode.swift; path = ParknavMBNavigationRouter.swift; sourceTree = "<group>"; };
		521AC5D320E7D6E7004D4B53 /* ParknavMBNavigationViewController.swift */ = {isa = PBXFileReference; lastKnownFileType = sourcecode.swift; path = ParknavMBNavigationViewController.swift; sourceTree = "<group>"; };
		521AC5D420E7D6E7004D4B53 /* ParknavMBNavigationInteractor.swift */ = {isa = PBXFileReference; lastKnownFileType = sourcecode.swift; path = ParknavMBNavigationInteractor.swift; sourceTree = "<group>"; };
		522551AF209087C3007F391A /* LocationHistoryService.swift */ = {isa = PBXFileReference; lastKnownFileType = sourcecode.swift; path = LocationHistoryService.swift; sourceTree = "<group>"; };
		522551B32090B5BB007F391A /* Media.xcassets */ = {isa = PBXFileReference; lastKnownFileType = folder.assetcatalog; path = Media.xcassets; sourceTree = "<group>"; };
		52263BCB20A1E6C6000B162C /* LocalizedString.swift */ = {isa = PBXFileReference; lastKnownFileType = sourcecode.swift; path = LocalizedString.swift; sourceTree = "<group>"; };
		52263BCD20A20F92000B162C /* ParknavMapStyles.swift */ = {isa = PBXFileReference; lastKnownFileType = sourcecode.swift; path = ParknavMapStyles.swift; sourceTree = "<group>"; };
		5226A8932086523900C25B29 /* ParknavSDK.framework */ = {isa = PBXFileReference; explicitFileType = wrapper.framework; includeInIndex = 0; path = ParknavSDK.framework; sourceTree = BUILT_PRODUCTS_DIR; };
		5226A8962086523900C25B29 /* ParknavSDK.h */ = {isa = PBXFileReference; lastKnownFileType = sourcecode.c.h; path = ParknavSDK.h; sourceTree = "<group>"; };
		5226A8972086523900C25B29 /* Info.plist */ = {isa = PBXFileReference; lastKnownFileType = text.plist.xml; path = Info.plist; sourceTree = "<group>"; };
		523502AB20EA37610093AE9D /* ParknavPresenter.swift */ = {isa = PBXFileReference; lastKnownFileType = sourcecode.swift; path = ParknavPresenter.swift; sourceTree = "<group>"; };
		523502AD20EA38300093AE9D /* ParknavDisplayLogic.swift */ = {isa = PBXFileReference; lastKnownFileType = sourcecode.swift; path = ParknavDisplayLogic.swift; sourceTree = "<group>"; };
		523502AF20EA39740093AE9D /* UIViewControllerExtension.swift */ = {isa = PBXFileReference; lastKnownFileType = sourcecode.swift; path = UIViewControllerExtension.swift; sourceTree = "<group>"; };
		5253F2F720B8325000BEEE62 /* GeoJSON.swift */ = {isa = PBXFileReference; lastKnownFileType = sourcecode.swift; path = GeoJSON.swift; sourceTree = "<group>"; };
		52640D3F209CA1C8000A56F5 /* ParknavEventsListener.swift */ = {isa = PBXFileReference; lastKnownFileType = sourcecode.swift; path = ParknavEventsListener.swift; sourceTree = "<group>"; };
		526B38DB20E12A310077C8B2 /* RouteTypeView.swift */ = {isa = PBXFileReference; lastKnownFileType = sourcecode.swift; path = RouteTypeView.swift; sourceTree = "<group>"; };
		526B38DD20E131CD0077C8B2 /* UIViewExtension.swift */ = {isa = PBXFileReference; lastKnownFileType = sourcecode.swift; path = UIViewExtension.swift; sourceTree = "<group>"; };
		526B38DF20E2592F0077C8B2 /* ParknavNavigationObject.swift */ = {isa = PBXFileReference; lastKnownFileType = sourcecode.swift; path = ParknavNavigationObject.swift; sourceTree = "<group>"; };
		526B68DC208F58A3001C911F /* CLLocationExtension.swift */ = {isa = PBXFileReference; lastKnownFileType = sourcecode.swift; path = CLLocationExtension.swift; sourceTree = "<group>"; };
		52879DD7212D6C06008E78D1 /* ParknavAPI.swift */ = {isa = PBXFileReference; lastKnownFileType = sourcecode.swift; path = ParknavAPI.swift; sourceTree = "<group>"; };
		5289DF17208766A200DD759D /* ParknavConstans.swift */ = {isa = PBXFileReference; lastKnownFileType = sourcecode.swift; path = ParknavConstans.swift; sourceTree = "<group>"; };
		5289DF19208766CE00DD759D /* ParknavRouteOptions.swift */ = {isa = PBXFileReference; lastKnownFileType = sourcecode.swift; path = ParknavRouteOptions.swift; sourceTree = "<group>"; };
		5289F5D120CAF31500CBAF01 /* ParkingMenuView.swift */ = {isa = PBXFileReference; lastKnownFileType = sourcecode.swift; path = ParkingMenuView.swift; sourceTree = "<group>"; };
		5289F5D320CAF32E00CBAF01 /* ParkingMenuView.xib */ = {isa = PBXFileReference; lastKnownFileType = file.xib; path = ParkingMenuView.xib; sourceTree = "<group>"; };
		5292416D21B0109A0098E8F4 /* GaragesLayer.swift */ = {isa = PBXFileReference; lastKnownFileType = sourcecode.swift; path = GaragesLayer.swift; sourceTree = "<group>"; };
		52927F892091D29A0042A5C8 /* ParknavService.swift */ = {isa = PBXFileReference; fileEncoding = 4; lastKnownFileType = sourcecode.swift; path = ParknavService.swift; sourceTree = "<group>"; };
		52927F8B2091DF950042A5C8 /* ParknavServiceHelper.swift */ = {isa = PBXFileReference; lastKnownFileType = sourcecode.swift; path = ParknavServiceHelper.swift; sourceTree = "<group>"; };
		52927F8D209248320042A5C8 /* RequestExtension.swift */ = {isa = PBXFileReference; lastKnownFileType = sourcecode.swift; path = RequestExtension.swift; sourceTree = "<group>"; };
		52927F8F20924AF40042A5C8 /* ResponseSerializationProtocols.swift */ = {isa = PBXFileReference; lastKnownFileType = sourcecode.swift; path = ResponseSerializationProtocols.swift; sourceTree = "<group>"; };
		52927F9120924B470042A5C8 /* BackendError.swift */ = {isa = PBXFileReference; lastKnownFileType = sourcecode.swift; path = BackendError.swift; sourceTree = "<group>"; };
		52927F9420924C760042A5C8 /* DirectionsResponse.swift */ = {isa = PBXFileReference; lastKnownFileType = sourcecode.swift; path = DirectionsResponse.swift; sourceTree = "<group>"; };
		52927F9820948CB30042A5C8 /* UserDefaultsService.swift */ = {isa = PBXFileReference; lastKnownFileType = sourcecode.swift; path = UserDefaultsService.swift; sourceTree = "<group>"; };
		52927F9A20949EBC0042A5C8 /* BundleExtension.swift */ = {isa = PBXFileReference; lastKnownFileType = sourcecode.swift; path = BundleExtension.swift; sourceTree = "<group>"; };
		5297268520C56A6B008DA71D /* ParknavLayer.swift */ = {isa = PBXFileReference; lastKnownFileType = sourcecode.swift; path = ParknavLayer.swift; sourceTree = "<group>"; };
		5297268720C56CBA008DA71D /* ParknavLayersService.swift */ = {isa = PBXFileReference; lastKnownFileType = sourcecode.swift; path = ParknavLayersService.swift; sourceTree = "<group>"; };
		5297268920C57907008DA71D /* HeatmapLayer.swift */ = {isa = PBXFileReference; lastKnownFileType = sourcecode.swift; path = HeatmapLayer.swift; sourceTree = "<group>"; };
		5297268B20C590AD008DA71D /* BestAreaLayer.swift */ = {isa = PBXFileReference; lastKnownFileType = sourcecode.swift; path = BestAreaLayer.swift; sourceTree = "<group>"; };
		5297268D20C59725008DA71D /* LayerRules.swift */ = {isa = PBXFileReference; lastKnownFileType = sourcecode.swift; path = LayerRules.swift; sourceTree = "<group>"; };
		529726DD20C96FB9008DA71D /* ParkingChancePresenter.swift */ = {isa = PBXFileReference; lastKnownFileType = sourcecode.swift; path = ParkingChancePresenter.swift; sourceTree = "<group>"; };
		529726DF20C96FB9008DA71D /* ParkingChanceRouter.swift */ = {isa = PBXFileReference; lastKnownFileType = sourcecode.swift; path = ParkingChanceRouter.swift; sourceTree = "<group>"; };
		529726E220C96FB9008DA71D /* ParkingChanceInteractor.swift */ = {isa = PBXFileReference; lastKnownFileType = sourcecode.swift; path = ParkingChanceInteractor.swift; sourceTree = "<group>"; };
		529726E920C99183008DA71D /* ParkingChance.storyboard */ = {isa = PBXFileReference; lastKnownFileType = file.storyboard; path = ParkingChance.storyboard; sourceTree = "<group>"; };
		529AB57D218327BC00B51AB1 /* AppStoryboard.swift */ = {isa = PBXFileReference; lastKnownFileType = sourcecode.swift; path = AppStoryboard.swift; sourceTree = "<group>"; };
		529AB58621832DE700B51AB1 /* UIWindowExtension.swift */ = {isa = PBXFileReference; lastKnownFileType = sourcecode.swift; path = UIWindowExtension.swift; sourceTree = "<group>"; };
		529AB58D2183549B00B51AB1 /* LockViewController.swift */ = {isa = PBXFileReference; lastKnownFileType = sourcecode.swift; path = LockViewController.swift; sourceTree = "<group>"; };
		529E4D5320E7DC28008F9CDA /* ParkingChanceViewController.swift */ = {isa = PBXFileReference; fileEncoding = 4; lastKnownFileType = sourcecode.swift; path = ParkingChanceViewController.swift; sourceTree = "<group>"; };
		52B3E71E20EE5E620090D623 /* ParknavNavigation.storyboard */ = {isa = PBXFileReference; fileEncoding = 4; lastKnownFileType = file.storyboard; path = ParknavNavigation.storyboard; sourceTree = "<group>"; };
		52B3E71F20EE5E620090D623 /* ParknavNavigationRouter.swift */ = {isa = PBXFileReference; fileEncoding = 4; lastKnownFileType = sourcecode.swift; path = ParknavNavigationRouter.swift; sourceTree = "<group>"; };
		52B3E72020EE5E620090D623 /* ParknavNavigationPresenter.swift */ = {isa = PBXFileReference; fileEncoding = 4; lastKnownFileType = sourcecode.swift; path = ParknavNavigationPresenter.swift; sourceTree = "<group>"; };
		52B3E72120EE5E620090D623 /* ParknavNavigationInteractor.swift */ = {isa = PBXFileReference; fileEncoding = 4; lastKnownFileType = sourcecode.swift; path = ParknavNavigationInteractor.swift; sourceTree = "<group>"; };
		52B3E72220EE5E620090D623 /* ParknavNavigationModels.swift */ = {isa = PBXFileReference; fileEncoding = 4; lastKnownFileType = sourcecode.swift; path = ParknavNavigationModels.swift; sourceTree = "<group>"; };
		52B3E72320EE5E620090D623 /* ParknavNavigationViewController.swift */ = {isa = PBXFileReference; fileEncoding = 4; lastKnownFileType = sourcecode.swift; path = ParknavNavigationViewController.swift; sourceTree = "<group>"; };
		52BD967A21AC9CBD00CC9B8D /* Garage.swift */ = {isa = PBXFileReference; lastKnownFileType = sourcecode.swift; path = Garage.swift; sourceTree = "<group>"; };
		52BFBD882167A08F00DCC6E6 /* ParknavNavigationPreviewRouter.swift */ = {isa = PBXFileReference; fileEncoding = 4; lastKnownFileType = sourcecode.swift; path = ParknavNavigationPreviewRouter.swift; sourceTree = "<group>"; };
		52BFBD892167A08F00DCC6E6 /* ParknavNavigationPreviewModels.swift */ = {isa = PBXFileReference; fileEncoding = 4; lastKnownFileType = sourcecode.swift; path = ParknavNavigationPreviewModels.swift; sourceTree = "<group>"; };
		52BFBD8A2167A08F00DCC6E6 /* ParknavNavigationPreviewInteractor.swift */ = {isa = PBXFileReference; fileEncoding = 4; lastKnownFileType = sourcecode.swift; path = ParknavNavigationPreviewInteractor.swift; sourceTree = "<group>"; };
		52BFBD8B2167A08F00DCC6E6 /* ParknavNavigationWithPreview.storyboard */ = {isa = PBXFileReference; fileEncoding = 4; lastKnownFileType = file.storyboard; path = ParknavNavigationWithPreview.storyboard; sourceTree = "<group>"; };
		52BFBD8C2167A08F00DCC6E6 /* ParknavNavigationWithPreviewViewController.swift */ = {isa = PBXFileReference; fileEncoding = 4; lastKnownFileType = sourcecode.swift; path = ParknavNavigationWithPreviewViewController.swift; sourceTree = "<group>"; };
		52BFBD8D2167A08F00DCC6E6 /* ParknavNavigationPreviewPresenter.swift */ = {isa = PBXFileReference; fileEncoding = 4; lastKnownFileType = sourcecode.swift; path = ParknavNavigationPreviewPresenter.swift; sourceTree = "<group>"; };
		52BFBDA42167BBC000DCC6E6 /* RoundButton.swift */ = {isa = PBXFileReference; lastKnownFileType = sourcecode.swift; path = RoundButton.swift; sourceTree = "<group>"; };
		52C6BD95208E3A9C00BC9327 /* ParknavNavigationWorker.swift */ = {isa = PBXFileReference; lastKnownFileType = sourcecode.swift; path = ParknavNavigationWorker.swift; sourceTree = "<group>"; };
		52C84D9120BEB975009247CB /* StyleColorsScheme.swift */ = {isa = PBXFileReference; lastKnownFileType = sourcecode.swift; path = StyleColorsScheme.swift; sourceTree = "<group>"; };
		52C93F5F2216F01D00EABE13 /* UIBarButtonItemExtension.swift */ = {isa = PBXFileReference; lastKnownFileType = sourcecode.swift; path = UIBarButtonItemExtension.swift; sourceTree = "<group>"; };
		52DF4F80219867E20001C4F1 /* RouteMessageView.swift */ = {isa = PBXFileReference; lastKnownFileType = sourcecode.swift; path = RouteMessageView.swift; sourceTree = "<group>"; };
		52DF4F82219867EC0001C4F1 /* RouteMessageView.xib */ = {isa = PBXFileReference; lastKnownFileType = file.xib; path = RouteMessageView.xib; sourceTree = "<group>"; };
		52EE953121749B5F0056A33F /* RouteMessage.swift */ = {isa = PBXFileReference; lastKnownFileType = sourcecode.swift; path = RouteMessage.swift; sourceTree = "<group>"; };
		52EE953321749C900056A33F /* StringExtension.swift */ = {isa = PBXFileReference; lastKnownFileType = sourcecode.swift; path = StringExtension.swift; sourceTree = "<group>"; };
		52EE95352174A3220056A33F /* RouteExtension.swift */ = {isa = PBXFileReference; lastKnownFileType = sourcecode.swift; path = RouteExtension.swift; sourceTree = "<group>"; };
		52EE95372174B3430056A33F /* UIImageExtension.swift */ = {isa = PBXFileReference; lastKnownFileType = sourcecode.swift; path = UIImageExtension.swift; sourceTree = "<group>"; };
		52EE95392174ED140056A33F /* UINavigationBarExtension.swift */ = {isa = PBXFileReference; lastKnownFileType = sourcecode.swift; path = UINavigationBarExtension.swift; sourceTree = "<group>"; };
		C4BCAF2E26851FDC00AAF698 /* LayerTypeExtension.swift */ = {isa = PBXFileReference; lastKnownFileType = sourcecode.swift; path = LayerTypeExtension.swift; sourceTree = "<group>"; };
		C4BCAF312685264700AAF698 /* ParknavNavigationPreviewViewControllerExtension.swift */ = {isa = PBXFileReference; lastKnownFileType = sourcecode.swift; path = ParknavNavigationPreviewViewControllerExtension.swift; sourceTree = "<group>"; };
		C4BCAF342685E0DD00AAF698 /* ParkingChanceViewControllerExtension.swift */ = {isa = PBXFileReference; lastKnownFileType = sourcecode.swift; path = ParkingChanceViewControllerExtension.swift; sourceTree = "<group>"; };
		C4C931A2266671B4009DDDFF /* DirectionsResponseExtension.swift */ = {isa = PBXFileReference; lastKnownFileType = sourcecode.swift; path = DirectionsResponseExtension.swift; sourceTree = "<group>"; };
		C4C931A42666853B009DDDFF /* NavigationExitType.swift */ = {isa = PBXFileReference; lastKnownFileType = sourcecode.swift; path = NavigationExitType.swift; sourceTree = "<group>"; };
		C4C931A82666CA5C009DDDFF /* GarageExtension.swift */ = {isa = PBXFileReference; lastKnownFileType = sourcecode.swift; path = GarageExtension.swift; sourceTree = "<group>"; };
		C4C931B22666DBD5009DDDFF /* ParknavLayerExtension.swift */ = {isa = PBXFileReference; lastKnownFileType = sourcecode.swift; path = ParknavLayerExtension.swift; sourceTree = "<group>"; };
		C4C931B42666DEFD009DDDFF /* HeatmapLayerExtension.swift */ = {isa = PBXFileReference; lastKnownFileType = sourcecode.swift; path = HeatmapLayerExtension.swift; sourceTree = "<group>"; };
		C4C931B62666E0E0009DDDFF /* BestAreaLayerExtension.swift */ = {isa = PBXFileReference; lastKnownFileType = sourcecode.swift; path = BestAreaLayerExtension.swift; sourceTree = "<group>"; };
		C4C931B82666E166009DDDFF /* GaragesLayerExtension.swift */ = {isa = PBXFileReference; lastKnownFileType = sourcecode.swift; path = GaragesLayerExtension.swift; sourceTree = "<group>"; };
		C4C931BB2666E8DE009DDDFF /* ServiceEndpointInfo.swift */ = {isa = PBXFileReference; lastKnownFileType = sourcecode.swift; path = ServiceEndpointInfo.swift; sourceTree = "<group>"; };
		C4C931BF26678D6F009DDDFF /* RouteType.swift */ = {isa = PBXFileReference; lastKnownFileType = sourcecode.swift; path = RouteType.swift; sourceTree = "<group>"; };
		C4C931C42667B16E009DDDFF /* StyleColorsSchemeExtension.swift */ = {isa = PBXFileReference; lastKnownFileType = sourcecode.swift; path = StyleColorsSchemeExtension.swift; sourceTree = "<group>"; };
		C4C931C62667B264009DDDFF /* LayerType.swift */ = {isa = PBXFileReference; lastKnownFileType = sourcecode.swift; path = LayerType.swift; sourceTree = "<group>"; };
		C4C931CA2667B70C009DDDFF /* LayerRulesExtension.swift */ = {isa = PBXFileReference; lastKnownFileType = sourcecode.swift; path = LayerRulesExtension.swift; sourceTree = "<group>"; };
		C4C931DE2667D8FC009DDDFF /* en */ = {isa = PBXFileReference; lastKnownFileType = text.plist.strings; name = en; path = en.lproj/Localizable.strings; sourceTree = "<group>"; };
		C4C931E02667D900009DDDFF /* de */ = {isa = PBXFileReference; lastKnownFileType = text.plist.strings; name = de; path = de.lproj/Localizable.strings; sourceTree = "<group>"; };
		C4C931E12667D902009DDDFF /* ru */ = {isa = PBXFileReference; lastKnownFileType = text.plist.strings; name = ru; path = ru.lproj/Localizable.strings; sourceTree = "<group>"; };
		C4C931E32667F818009DDDFF /* ParknavNavigationViewControllerExtension.swift */ = {isa = PBXFileReference; lastKnownFileType = sourcecode.swift; path = ParknavNavigationViewControllerExtension.swift; sourceTree = "<group>"; };
		E73F8F706CD12A7A5359CF42 /* Pods-ParknavSDK.release.xcconfig */ = {isa = PBXFileReference; includeInIndex = 1; lastKnownFileType = text.xcconfig; name = "Pods-ParknavSDK.release.xcconfig"; path = "Pods/Target Support Files/Pods-ParknavSDK/Pods-ParknavSDK.release.xcconfig"; sourceTree = "<group>"; };
/* End PBXFileReference section */

/* Begin PBXFrameworksBuildPhase section */
		5226A88F2086523900C25B29 /* Frameworks */ = {
			isa = PBXFrameworksBuildPhase;
			buildActionMask = 2147483647;
			files = (
				8F6F992843BC79A9D6EAA8E5 /* Pods_ParknavSDK.framework in Frameworks */,
			);
			runOnlyForDeploymentPostprocessing = 0;
		};
/* End PBXFrameworksBuildPhase section */

/* Begin PBXGroup section */
		520A404C2090854700A99922 /* Services */ = {
			isa = PBXGroup;
			children = (
				52879DD7212D6C06008E78D1 /* ParknavAPI.swift */,
			);
			path = Services;
			sourceTree = "<group>";
		};
		521AC5CE20E7D693004D4B53 /* ParknavMBNavigation */ = {
			isa = PBXGroup;
			children = (
				1241204422F124740088CE08 /* ParknavBottomBannetViewController.swift */,
				521AC5CF20E7D6E7004D4B53 /* ParknavMBNavigationPresenter.swift */,
				521AC5D120E7D6E7004D4B53 /* ParknavMBNavigationRouter.swift */,
				521AC5D320E7D6E7004D4B53 /* ParknavMBNavigationViewController.swift */,
				521AC5D420E7D6E7004D4B53 /* ParknavMBNavigationInteractor.swift */,
			);
			path = ParknavMBNavigation;
			sourceTree = "<group>";
		};
		5226A8892086523900C25B29 = {
			isa = PBXGroup;
			children = (
				5226A8952086523900C25B29 /* ParknavSDK */,
				5226A8942086523900C25B29 /* Products */,
				54ACF705BC0CBDBABDDBA049 /* Pods */,
				76680DF595C26877AD1C911D /* Frameworks */,
			);
			sourceTree = "<group>";
		};
		5226A8942086523900C25B29 /* Products */ = {
			isa = PBXGroup;
			children = (
				5226A8932086523900C25B29 /* ParknavSDK.framework */,
			);
			name = Products;
			sourceTree = "<group>";
		};
		5226A8952086523900C25B29 /* ParknavSDK */ = {
			isa = PBXGroup;
			children = (
				C4C931A026666EA8009DDDFF /* Private */,
				C4C9319F26666EA1009DDDFF /* Public */,
				5289DF142087665E00DD759D /* Resources */,
				5226A8962086523900C25B29 /* ParknavSDK.h */,
				5226A8972086523900C25B29 /* Info.plist */,
			);
			path = ParknavSDK;
			sourceTree = "<group>";
		};
		523502AA20EA2CA10093AE9D /* CommonNavigationLogic */ = {
			isa = PBXGroup;
			children = (
				52C6BD95208E3A9C00BC9327 /* ParknavNavigationWorker.swift */,
				523502AB20EA37610093AE9D /* ParknavPresenter.swift */,
				523502AD20EA38300093AE9D /* ParknavDisplayLogic.swift */,
			);
			path = CommonNavigationLogic;
			sourceTree = "<group>";
		};
		5289DF11208765E500DD759D /* ViewControllers */ = {
			isa = PBXGroup;
			children = (
				52BFBD862167A08F00DCC6E6 /* ParknavNavigationWithPreview */,
				52B3E71D20EE5E620090D623 /* ParknavNavigation */,
				529726CC20C96F0C008DA71D /* ParkingChance */,
			);
			path = ViewControllers;
			sourceTree = "<group>";
		};
		5289DF142087665E00DD759D /* Resources */ = {
			isa = PBXGroup;
			children = (
				522551B32090B5BB007F391A /* Media.xcassets */,
				C4C931DF2667D8FC009DDDFF /* Localizable.strings */,
			);
			path = Resources;
			sourceTree = "<group>";
		};
		5289DF152087667300DD759D /* Utils */ = {
			isa = PBXGroup;
			children = (
				52640D3F209CA1C8000A56F5 /* ParknavEventsListener.swift */,
			);
			path = Utils;
			sourceTree = "<group>";
		};
		5289F5D020CAF2B700CBAF01 /* ParkingMenuView */ = {
			isa = PBXGroup;
			children = (
				5289F5D320CAF32E00CBAF01 /* ParkingMenuView.xib */,
			);
			path = ParkingMenuView;
			sourceTree = "<group>";
		};
		52927F9320924BC90042A5C8 /* Models */ = {
			isa = PBXGroup;
			children = (
				5297268D20C59725008DA71D /* LayerRules.swift */,
				5289DF19208766CE00DD759D /* ParknavRouteOptions.swift */,
				52C84D9120BEB975009247CB /* StyleColorsScheme.swift */,
				529726CB20C96E45008DA71D /* Layers */,
				52927F9420924C760042A5C8 /* DirectionsResponse.swift */,
				526B38DF20E2592F0077C8B2 /* ParknavNavigationObject.swift */,
				C4C931A42666853B009DDDFF /* NavigationExitType.swift */,
				C4C931BB2666E8DE009DDDFF /* ServiceEndpointInfo.swift */,
				C4C931C62667B264009DDDFF /* LayerType.swift */,
			);
			path = Models;
			sourceTree = "<group>";
		};
		529726CB20C96E45008DA71D /* Layers */ = {
			isa = PBXGroup;
			children = (
				5297268520C56A6B008DA71D /* ParknavLayer.swift */,
				5297268920C57907008DA71D /* HeatmapLayer.swift */,
				5297268B20C590AD008DA71D /* BestAreaLayer.swift */,
			);
			path = Layers;
			sourceTree = "<group>";
		};
		529726CC20C96F0C008DA71D /* ParkingChance */ = {
			isa = PBXGroup;
			children = (
				529E4D5320E7DC28008F9CDA /* ParkingChanceViewController.swift */,
				5289F5D020CAF2B700CBAF01 /* ParkingMenuView */,
				529726E920C99183008DA71D /* ParkingChance.storyboard */,
			);
			path = ParkingChance;
			sourceTree = "<group>";
		};
		52B3E71D20EE5E620090D623 /* ParknavNavigation */ = {
			isa = PBXGroup;
			children = (
				52B3E71E20EE5E620090D623 /* ParknavNavigation.storyboard */,
				52B3E72320EE5E620090D623 /* ParknavNavigationViewController.swift */,
			);
			path = ParknavNavigation;
			sourceTree = "<group>";
		};
		52BFBD862167A08F00DCC6E6 /* ParknavNavigationWithPreview */ = {
			isa = PBXGroup;
			children = (
				52BFBD8B2167A08F00DCC6E6 /* ParknavNavigationWithPreview.storyboard */,
				52BFBD8C2167A08F00DCC6E6 /* ParknavNavigationWithPreviewViewController.swift */,
			);
			path = ParknavNavigationWithPreview;
			sourceTree = "<group>";
		};
		54ACF705BC0CBDBABDDBA049 /* Pods */ = {
			isa = PBXGroup;
			children = (
				3EFBACB7E568A9800135889C /* Pods-ParknavSDK.debug.xcconfig */,
				E73F8F706CD12A7A5359CF42 /* Pods-ParknavSDK.release.xcconfig */,
			);
			name = Pods;
			sourceTree = "<group>";
		};
		76680DF595C26877AD1C911D /* Frameworks */ = {
			isa = PBXGroup;
			children = (
				1E546C038421314C70A499D6 /* Pods_ParknavSDK.framework */,
			);
			name = Frameworks;
			sourceTree = "<group>";
		};
		C41D1B53264929FE0050A93E /* Extensions */ = {
			isa = PBXGroup;
			children = (
				52EE95352174A3220056A33F /* RouteExtension.swift */,
				C4C931A2266671B4009DDDFF /* DirectionsResponseExtension.swift */,
				C4C931A82666CA5C009DDDFF /* GarageExtension.swift */,
				C4C931B22666DBD5009DDDFF /* ParknavLayerExtension.swift */,
				C4C931B42666DEFD009DDDFF /* HeatmapLayerExtension.swift */,
				C4C931B62666E0E0009DDDFF /* BestAreaLayerExtension.swift */,
				C4C931B82666E166009DDDFF /* GaragesLayerExtension.swift */,
				C4C931C42667B16E009DDDFF /* StyleColorsSchemeExtension.swift */,
				C4C931CA2667B70C009DDDFF /* LayerRulesExtension.swift */,
				C4BCAF2E26851FDC00AAF698 /* LayerTypeExtension.swift */,
			);
			path = Extensions;
			sourceTree = "<group>";
		};
		C4BCAF302685262400AAF698 /* ParknavNavigationWithPreview */ = {
			isa = PBXGroup;
			children = (
				C4BCAF312685264700AAF698 /* ParknavNavigationPreviewViewControllerExtension.swift */,
				52BFBD8A2167A08F00DCC6E6 /* ParknavNavigationPreviewInteractor.swift */,
				52BFBD892167A08F00DCC6E6 /* ParknavNavigationPreviewModels.swift */,
				52BFBD882167A08F00DCC6E6 /* ParknavNavigationPreviewRouter.swift */,
				52BFBD8D2167A08F00DCC6E6 /* ParknavNavigationPreviewPresenter.swift */,
			);
			path = ParknavNavigationWithPreview;
			sourceTree = "<group>";
		};
		C4BCAF332685E0B300AAF698 /* ParkingChance */ = {
			isa = PBXGroup;
			children = (
				C4BCAF342685E0DD00AAF698 /* ParkingChanceViewControllerExtension.swift */,
				5289F5D120CAF31500CBAF01 /* ParkingMenuView.swift */,
				529726E220C96FB9008DA71D /* ParkingChanceInteractor.swift */,
				529726DD20C96FB9008DA71D /* ParkingChancePresenter.swift */,
				529726DF20C96FB9008DA71D /* ParkingChanceRouter.swift */,
			);
			path = ParkingChance;
			sourceTree = "<group>";
		};
		C4C9319F26666EA1009DDDFF /* Public */ = {
			isa = PBXGroup;
			children = (
				52927F9320924BC90042A5C8 /* Models */,
				520A404C2090854700A99922 /* Services */,
				5289DF152087667300DD759D /* Utils */,
				5289DF11208765E500DD759D /* ViewControllers */,
			);
			path = Public;
			sourceTree = "<group>";
		};
		C4C931A026666EA8009DDDFF /* Private */ = {
			isa = PBXGroup;
			children = (
				C4C931CC2667B7E4009DDDFF /* ViewControllers */,
				C4C931C32667AD14009DDDFF /* Utils */,
				C4C931BD26678D00009DDDFF /* Helpers */,
				C4C931BA2666E22C009DDDFF /* Services */,
				C4C931A126666EC9009DDDFF /* Models */,
				523502AA20EA2CA10093AE9D /* CommonNavigationLogic */,
			);
			path = Private;
			sourceTree = "<group>";
		};
		C4C931A126666EC9009DDDFF /* Models */ = {
			isa = PBXGroup;
			children = (
				5292416D21B0109A0098E8F4 /* GaragesLayer.swift */,
				52BD967A21AC9CBD00CC9B8D /* Garage.swift */,
				52EE953121749B5F0056A33F /* RouteMessage.swift */,
				5253F2F720B8325000BEEE62 /* GeoJSON.swift */,
				C4C931BF26678D6F009DDDFF /* RouteType.swift */,
				C41D1B53264929FE0050A93E /* Extensions */,
			);
			path = Models;
			sourceTree = "<group>";
		};
		C4C931BA2666E22C009DDDFF /* Services */ = {
			isa = PBXGroup;
			children = (
				52927F892091D29A0042A5C8 /* ParknavService.swift */,
				522551AF209087C3007F391A /* LocationHistoryService.swift */,
				52927F9820948CB30042A5C8 /* UserDefaultsService.swift */,
				5297268720C56CBA008DA71D /* ParknavLayersService.swift */,
				52927F8B2091DF950042A5C8 /* ParknavServiceHelper.swift */,
			);
			path = Services;
			sourceTree = "<group>";
		};
		C4C931BD26678D00009DDDFF /* Helpers */ = {
			isa = PBXGroup;
			children = (
				C4C931C22667A74D009DDDFF /* Extensions */,
				C4C931BE26678D3A009DDDFF /* Views */,
				52263BCB20A1E6C6000B162C /* LocalizedString.swift */,
			);
			path = Helpers;
			sourceTree = "<group>";
		};
		C4C931BE26678D3A009DDDFF /* Views */ = {
			isa = PBXGroup;
			children = (
				C4C931C12667A702009DDDFF /* RouteMessageView */,
				526B38DB20E12A310077C8B2 /* RouteTypeView.swift */,
				52BFBDA42167BBC000DCC6E6 /* RoundButton.swift */,
			);
			path = Views;
			sourceTree = "<group>";
		};
		C4C931C12667A702009DDDFF /* RouteMessageView */ = {
			isa = PBXGroup;
			children = (
				52DF4F80219867E20001C4F1 /* RouteMessageView.swift */,
				52DF4F82219867EC0001C4F1 /* RouteMessageView.xib */,
			);
			path = RouteMessageView;
			sourceTree = "<group>";
		};
		C4C931C22667A74D009DDDFF /* Extensions */ = {
			isa = PBXGroup;
			children = (
				526B68DC208F58A3001C911F /* CLLocationExtension.swift */,
				5209309D20E3C60C00401928 /* DoubleExtension.swift */,
				52927F8D209248320042A5C8 /* RequestExtension.swift */,
				52927F8F20924AF40042A5C8 /* ResponseSerializationProtocols.swift */,
				52927F9120924B470042A5C8 /* BackendError.swift */,
				52927F9A20949EBC0042A5C8 /* BundleExtension.swift */,
				526B38DD20E131CD0077C8B2 /* UIViewExtension.swift */,
				523502AF20EA39740093AE9D /* UIViewControllerExtension.swift */,
				52EE953321749C900056A33F /* StringExtension.swift */,
				52EE95372174B3430056A33F /* UIImageExtension.swift */,
				52EE95392174ED140056A33F /* UINavigationBarExtension.swift */,
				529AB57D218327BC00B51AB1 /* AppStoryboard.swift */,
				529AB58621832DE700B51AB1 /* UIWindowExtension.swift */,
				52C93F5F2216F01D00EABE13 /* UIBarButtonItemExtension.swift */,
			);
			path = Extensions;
			sourceTree = "<group>";
		};
		C4C931C32667AD14009DDDFF /* Utils */ = {
			isa = PBXGroup;
			children = (
				5289DF17208766A200DD759D /* ParknavConstans.swift */,
				52263BCD20A20F92000B162C /* ParknavMapStyles.swift */,
			);
			path = Utils;
			sourceTree = "<group>";
		};
		C4C931CC2667B7E4009DDDFF /* ViewControllers */ = {
			isa = PBXGroup;
			children = (
				C4BCAF332685E0B300AAF698 /* ParkingChance */,
				C4BCAF302685262400AAF698 /* ParknavNavigationWithPreview */,
				C4C931E22667F6B3009DDDFF /* ParknavNavigation */,
				529AB58D2183549B00B51AB1 /* LockViewController.swift */,
				521AC5CE20E7D693004D4B53 /* ParknavMBNavigation */,
			);
			path = ViewControllers;
			sourceTree = "<group>";
		};
		C4C931E22667F6B3009DDDFF /* ParknavNavigation */ = {
			isa = PBXGroup;
			children = (
				52B3E72220EE5E620090D623 /* ParknavNavigationModels.swift */,
				C4C931E32667F818009DDDFF /* ParknavNavigationViewControllerExtension.swift */,
				52B3E72120EE5E620090D623 /* ParknavNavigationInteractor.swift */,
				52B3E72020EE5E620090D623 /* ParknavNavigationPresenter.swift */,
				52B3E71F20EE5E620090D623 /* ParknavNavigationRouter.swift */,
				520E301C219D883600E82B64 /* ParknavRouteLayersWorker.swift */,
			);
			path = ParknavNavigation;
			sourceTree = "<group>";
		};
/* End PBXGroup section */

/* Begin PBXHeadersBuildPhase section */
		5226A8902086523900C25B29 /* Headers */ = {
			isa = PBXHeadersBuildPhase;
			buildActionMask = 2147483647;
			files = (
				5226A8982086523900C25B29 /* ParknavSDK.h in Headers */,
			);
			runOnlyForDeploymentPostprocessing = 0;
		};
/* End PBXHeadersBuildPhase section */

/* Begin PBXNativeTarget section */
		5226A8922086523900C25B29 /* ParknavSDK */ = {
			isa = PBXNativeTarget;
			buildConfigurationList = 5226A89B2086523900C25B29 /* Build configuration list for PBXNativeTarget "ParknavSDK" */;
			buildPhases = (
				52B8A161270E86EB5A75C8EE /* [CP] Check Pods Manifest.lock */,
				C4C8DA7A265E7D42000D2AE2 /* Run Swiftlint */,
				5226A88E2086523900C25B29 /* Sources */,
				5226A88F2086523900C25B29 /* Frameworks */,
				5226A8902086523900C25B29 /* Headers */,
				5226A8912086523900C25B29 /* Resources */,
			);
			buildRules = (
			);
			dependencies = (
			);
			name = ParknavSDK;
			productName = ParknavSDK;
			productReference = 5226A8932086523900C25B29 /* ParknavSDK.framework */;
			productType = "com.apple.product-type.framework";
		};
/* End PBXNativeTarget section */

/* Begin PBXProject section */
		5226A88A2086523900C25B29 /* Project object */ = {
			isa = PBXProject;
			attributes = {
				LastUpgradeCheck = 1240;
				ORGANIZATIONNAME = "AI Incube";
				TargetAttributes = {
					5226A8922086523900C25B29 = {
						CreatedOnToolsVersion = 9.2;
						LastSwiftMigration = 0920;
						ProvisioningStyle = Automatic;
					};
				};
			};
			buildConfigurationList = 5226A88D2086523900C25B29 /* Build configuration list for PBXProject "ParknavSDK" */;
			compatibilityVersion = "Xcode 8.0";
			developmentRegion = en;
			hasScannedForEncodings = 0;
			knownRegions = (
				en,
				de,
				ru,
			);
			mainGroup = 5226A8892086523900C25B29;
			productRefGroup = 5226A8942086523900C25B29 /* Products */;
			projectDirPath = "";
			projectRoot = "";
			targets = (
				5226A8922086523900C25B29 /* ParknavSDK */,
			);
		};
/* End PBXProject section */

/* Begin PBXResourcesBuildPhase section */
		5226A8912086523900C25B29 /* Resources */ = {
			isa = PBXResourcesBuildPhase;
			buildActionMask = 2147483647;
			files = (
				52B3E72420EE5E620090D623 /* ParknavNavigation.storyboard in Resources */,
				5289F5D420CAF32E00CBAF01 /* ParkingMenuView.xib in Resources */,
				522551B42090B5BB007F391A /* Media.xcassets in Resources */,
				C4C931DD2667D8FC009DDDFF /* Localizable.strings in Resources */,
				52DF4F83219867EC0001C4F1 /* RouteMessageView.xib in Resources */,
				529726EA20C99183008DA71D /* ParkingChance.storyboard in Resources */,
				52BFBD922167A08F00DCC6E6 /* ParknavNavigationWithPreview.storyboard in Resources */,
			);
			runOnlyForDeploymentPostprocessing = 0;
		};
/* End PBXResourcesBuildPhase section */

/* Begin PBXShellScriptBuildPhase section */
		52B8A161270E86EB5A75C8EE /* [CP] Check Pods Manifest.lock */ = {
			isa = PBXShellScriptBuildPhase;
			buildActionMask = 2147483647;
			files = (
			);
			inputPaths = (
				"${PODS_PODFILE_DIR_PATH}/Podfile.lock",
				"${PODS_ROOT}/Manifest.lock",
			);
			name = "[CP] Check Pods Manifest.lock";
			outputPaths = (
				"$(DERIVED_FILE_DIR)/Pods-ParknavSDK-checkManifestLockResult.txt",
			);
			runOnlyForDeploymentPostprocessing = 0;
			shellPath = /bin/sh;
			shellScript = "diff \"${PODS_PODFILE_DIR_PATH}/Podfile.lock\" \"${PODS_ROOT}/Manifest.lock\" > /dev/null\nif [ $? != 0 ] ; then\n    # print error to STDERR\n    echo \"error: The sandbox is not in sync with the Podfile.lock. Run 'pod install' or update your CocoaPods installation.\" >&2\n    exit 1\nfi\n# This output is used by Xcode 'outputs' to avoid re-running this script phase.\necho \"SUCCESS\" > \"${SCRIPT_OUTPUT_FILE_0}\"\n";
			showEnvVarsInLog = 0;
		};
		C4C8DA7A265E7D42000D2AE2 /* Run Swiftlint */ = {
			isa = PBXShellScriptBuildPhase;
			buildActionMask = 2147483647;
			files = (
			);
			inputFileListPaths = (
			);
			inputPaths = (
			);
			name = "Run Swiftlint";
			outputFileListPaths = (
			);
			outputPaths = (
			);
			runOnlyForDeploymentPostprocessing = 0;
			shellPath = /bin/sh;
			shellScript = "if which swiftlint >/dev/null; then\nswiftlint\nelse\necho \"warning: SwiftLint not installed, download from https://github.com/realm/SwiftLint\"\nfi\n";
		};
/* End PBXShellScriptBuildPhase section */

/* Begin PBXSourcesBuildPhase section */
		5226A88E2086523900C25B29 /* Sources */ = {
			isa = PBXSourcesBuildPhase;
			buildActionMask = 2147483647;
			files = (
				52DF4F81219867E20001C4F1 /* RouteMessageView.swift in Sources */,
				52BFBDA52167BBC000DCC6E6 /* RoundButton.swift in Sources */,
				529E4D5420E7DC28008F9CDA /* ParkingChanceViewController.swift in Sources */,
				521AC5DA20E7D6E7004D4B53 /* ParknavMBNavigationInteractor.swift in Sources */,
				52C93F602216F01D00EABE13 /* UIBarButtonItemExtension.swift in Sources */,
				C4C931BC2666E8DF009DDDFF /* ServiceEndpointInfo.swift in Sources */,
				526B38DE20E131CD0077C8B2 /* UIViewExtension.swift in Sources */,
				C4C931E42667F818009DDDFF /* ParknavNavigationViewControllerExtension.swift in Sources */,
				C4C931A3266671B4009DDDFF /* DirectionsResponseExtension.swift in Sources */,
				529726E820C96FB9008DA71D /* ParkingChanceInteractor.swift in Sources */,
				5253F2F820B8325000BEEE62 /* GeoJSON.swift in Sources */,
				52BFBD932167A08F00DCC6E6 /* ParknavNavigationWithPreviewViewController.swift in Sources */,
				C4C931B32666DBD5009DDDFF /* ParknavLayerExtension.swift in Sources */,
				529726E520C96FB9008DA71D /* ParkingChanceRouter.swift in Sources */,
				1241204522F124750088CE08 /* ParknavBottomBannetViewController.swift in Sources */,
				52263BCE20A20F92000B162C /* ParknavMapStyles.swift in Sources */,
				C4C931C52667B16E009DDDFF /* StyleColorsSchemeExtension.swift in Sources */,
				52BD967B21AC9CBD00CC9B8D /* Garage.swift in Sources */,
				C4BCAF352685E0DD00AAF698 /* ParkingChanceViewControllerExtension.swift in Sources */,
				529726E320C96FB9008DA71D /* ParkingChancePresenter.swift in Sources */,
				C4C931B52666DEFD009DDDFF /* HeatmapLayerExtension.swift in Sources */,
				5289DF1A208766CE00DD759D /* ParknavRouteOptions.swift in Sources */,
				C4C931C026678D6F009DDDFF /* RouteType.swift in Sources */,
				52927F9520924C760042A5C8 /* DirectionsResponse.swift in Sources */,
				52EE95362174A3220056A33F /* RouteExtension.swift in Sources */,
				52B3E72520EE5E620090D623 /* ParknavNavigationRouter.swift in Sources */,
				52BFBD8F2167A08F00DCC6E6 /* ParknavNavigationPreviewRouter.swift in Sources */,
				5297268820C56CBB008DA71D /* ParknavLayersService.swift in Sources */,
				526B38E020E2592F0077C8B2 /* ParknavNavigationObject.swift in Sources */,
				52C84D9220BEB975009247CB /* StyleColorsScheme.swift in Sources */,
				52B3E72620EE5E620090D623 /* ParknavNavigationPresenter.swift in Sources */,
				52927F9B20949EBC0042A5C8 /* BundleExtension.swift in Sources */,
				52B3E72920EE5E620090D623 /* ParknavNavigationViewController.swift in Sources */,
				5297268A20C57907008DA71D /* HeatmapLayer.swift in Sources */,
				52927F8A2091D29A0042A5C8 /* ParknavService.swift in Sources */,
				523502B020EA39740093AE9D /* UIViewControllerExtension.swift in Sources */,
				520E301D219D883600E82B64 /* ParknavRouteLayersWorker.swift in Sources */,
				52B3E72720EE5E620090D623 /* ParknavNavigationInteractor.swift in Sources */,
				52EE953A2174ED140056A33F /* UINavigationBarExtension.swift in Sources */,
				523502AC20EA37610093AE9D /* ParknavPresenter.swift in Sources */,
				C4BCAF2F26851FDC00AAF698 /* LayerTypeExtension.swift in Sources */,
				529AB58721832DE700B51AB1 /* UIWindowExtension.swift in Sources */,
				5292416E21B0109A0098E8F4 /* GaragesLayer.swift in Sources */,
				52BFBD942167A08F00DCC6E6 /* ParknavNavigationPreviewPresenter.swift in Sources */,
				52927F9920948CB30042A5C8 /* UserDefaultsService.swift in Sources */,
				529AB58E2183549B00B51AB1 /* LockViewController.swift in Sources */,
				C4C931C72667B264009DDDFF /* LayerType.swift in Sources */,
				5297268C20C590AD008DA71D /* BestAreaLayer.swift in Sources */,
				5209309E20E3C60C00401928 /* DoubleExtension.swift in Sources */,
				C4C931B72666E0E0009DDDFF /* BestAreaLayerExtension.swift in Sources */,
				52EE953421749C900056A33F /* StringExtension.swift in Sources */,
				C4C931A92666CA5C009DDDFF /* GarageExtension.swift in Sources */,
				52927F8E209248320042A5C8 /* RequestExtension.swift in Sources */,
				529AB57E218327BC00B51AB1 /* AppStoryboard.swift in Sources */,
				C4C931A52666853B009DDDFF /* NavigationExitType.swift in Sources */,
				521AC5D720E7D6E7004D4B53 /* ParknavMBNavigationRouter.swift in Sources */,
				52B3E72820EE5E620090D623 /* ParknavNavigationModels.swift in Sources */,
				522551B0209087C3007F391A /* LocationHistoryService.swift in Sources */,
				52BFBD902167A08F00DCC6E6 /* ParknavNavigationPreviewModels.swift in Sources */,
				5297268E20C59725008DA71D /* LayerRules.swift in Sources */,
				52927F9020924AF40042A5C8 /* ResponseSerializationProtocols.swift in Sources */,
				5297268620C56A6B008DA71D /* ParknavLayer.swift in Sources */,
				52EE953221749B5F0056A33F /* RouteMessage.swift in Sources */,
				52BFBD912167A08F00DCC6E6 /* ParknavNavigationPreviewInteractor.swift in Sources */,
				5289F5D220CAF31500CBAF01 /* ParkingMenuView.swift in Sources */,
				52263BCC20A1E6C6000B162C /* LocalizedString.swift in Sources */,
				C4C931CB2667B70C009DDDFF /* LayerRulesExtension.swift in Sources */,
				521AC5D920E7D6E7004D4B53 /* ParknavMBNavigationViewController.swift in Sources */,
				52927F8C2091DF950042A5C8 /* ParknavServiceHelper.swift in Sources */,
				526B68DD208F58A3001C911F /* CLLocationExtension.swift in Sources */,
				C4BCAF322685264700AAF698 /* ParknavNavigationPreviewViewControllerExtension.swift in Sources */,
				52640D40209CA1C8000A56F5 /* ParknavEventsListener.swift in Sources */,
				5289DF18208766A200DD759D /* ParknavConstans.swift in Sources */,
				52EE95382174B3430056A33F /* UIImageExtension.swift in Sources */,
				521AC5D520E7D6E7004D4B53 /* ParknavMBNavigationPresenter.swift in Sources */,
				526B38DC20E12A310077C8B2 /* RouteTypeView.swift in Sources */,
				52C6BD9B208E3A9C00BC9327 /* ParknavNavigationWorker.swift in Sources */,
				52927F9220924B470042A5C8 /* BackendError.swift in Sources */,
				52879DD8212D6C06008E78D1 /* ParknavAPI.swift in Sources */,
				C4C931B92666E166009DDDFF /* GaragesLayerExtension.swift in Sources */,
				523502AE20EA38300093AE9D /* ParknavDisplayLogic.swift in Sources */,
			);
			runOnlyForDeploymentPostprocessing = 0;
		};
/* End PBXSourcesBuildPhase section */

/* Begin PBXVariantGroup section */
		C4C931DF2667D8FC009DDDFF /* Localizable.strings */ = {
			isa = PBXVariantGroup;
			children = (
				C4C931DE2667D8FC009DDDFF /* en */,
				C4C931E02667D900009DDDFF /* de */,
				C4C931E12667D902009DDDFF /* ru */,
			);
			name = Localizable.strings;
			sourceTree = "<group>";
		};
/* End PBXVariantGroup section */

/* Begin XCBuildConfiguration section */
		5226A8992086523900C25B29 /* Debug */ = {
			isa = XCBuildConfiguration;
			buildSettings = {
				ALWAYS_SEARCH_USER_PATHS = NO;
				BUILD_LIBRARY_FOR_DISTRIBUTION = YES;
				CLANG_ANALYZER_LOCALIZABILITY_NONLOCALIZED = YES;
				CLANG_ANALYZER_NONNULL = YES;
				CLANG_ANALYZER_NUMBER_OBJECT_CONVERSION = YES_AGGRESSIVE;
				CLANG_CXX_LANGUAGE_STANDARD = "gnu++14";
				CLANG_CXX_LIBRARY = "libc++";
				CLANG_ENABLE_MODULES = YES;
				CLANG_ENABLE_OBJC_ARC = YES;
				CLANG_WARN_BLOCK_CAPTURE_AUTORELEASING = YES;
				CLANG_WARN_BOOL_CONVERSION = YES;
				CLANG_WARN_COMMA = YES;
				CLANG_WARN_CONSTANT_CONVERSION = YES;
				CLANG_WARN_DEPRECATED_OBJC_IMPLEMENTATIONS = YES;
				CLANG_WARN_DIRECT_OBJC_ISA_USAGE = YES_ERROR;
				CLANG_WARN_DOCUMENTATION_COMMENTS = YES;
				CLANG_WARN_EMPTY_BODY = YES;
				CLANG_WARN_ENUM_CONVERSION = YES;
				CLANG_WARN_INFINITE_RECURSION = YES;
				CLANG_WARN_INT_CONVERSION = YES;
				CLANG_WARN_NON_LITERAL_NULL_CONVERSION = YES;
				CLANG_WARN_OBJC_IMPLICIT_RETAIN_SELF = YES;
				CLANG_WARN_OBJC_LITERAL_CONVERSION = YES;
				CLANG_WARN_OBJC_ROOT_CLASS = YES_ERROR;
				CLANG_WARN_QUOTED_INCLUDE_IN_FRAMEWORK_HEADER = YES;
				CLANG_WARN_RANGE_LOOP_ANALYSIS = YES;
				CLANG_WARN_STRICT_PROTOTYPES = YES;
				CLANG_WARN_SUSPICIOUS_MOVE = YES;
				CLANG_WARN_UNGUARDED_AVAILABILITY = YES_AGGRESSIVE;
				CLANG_WARN_UNREACHABLE_CODE = YES;
				CLANG_WARN__DUPLICATE_METHOD_MATCH = YES;
				CODE_SIGN_IDENTITY = "iPhone Developer";
				COPY_PHASE_STRIP = NO;
				CURRENT_PROJECT_VERSION = 1;
				DEBUG_INFORMATION_FORMAT = dwarf;
				ENABLE_STRICT_OBJC_MSGSEND = YES;
				ENABLE_TESTABILITY = YES;
				EXCLUDED_ARCHS = "";
				GCC_C_LANGUAGE_STANDARD = gnu11;
				GCC_DYNAMIC_NO_PIC = NO;
				GCC_NO_COMMON_BLOCKS = YES;
				GCC_OPTIMIZATION_LEVEL = 0;
				GCC_PREPROCESSOR_DEFINITIONS = (
					"DEBUG=1",
					"$(inherited)",
				);
				GCC_WARN_64_TO_32_BIT_CONVERSION = YES;
				GCC_WARN_ABOUT_RETURN_TYPE = YES_ERROR;
				GCC_WARN_UNDECLARED_SELECTOR = YES;
				GCC_WARN_UNINITIALIZED_AUTOS = YES_AGGRESSIVE;
				GCC_WARN_UNUSED_FUNCTION = YES;
				GCC_WARN_UNUSED_VARIABLE = YES;
				IPHONEOS_DEPLOYMENT_TARGET = 12.0;
				MTL_ENABLE_DEBUG_INFO = YES;
				ONLY_ACTIVE_ARCH = NO;
				OTHER_CFLAGS = (
					"-enable-library-evolution",
					"-emit-module-interface",
				);
				SDKROOT = iphoneos;
				SKIP_INSTALL = YES;
				STRIP_STYLE = debugging;
				SWIFT_ACTIVE_COMPILATION_CONDITIONS = DEBUG;
				SWIFT_OPTIMIZATION_LEVEL = "-Onone";
				SWIFT_VERSION = 5.0;
				VERSIONING_SYSTEM = "apple-generic";
				VERSION_INFO_PREFIX = "";
			};
			name = Debug;
		};
		5226A89A2086523900C25B29 /* Release */ = {
			isa = XCBuildConfiguration;
			buildSettings = {
				ALWAYS_SEARCH_USER_PATHS = NO;
				BUILD_LIBRARY_FOR_DISTRIBUTION = YES;
				CLANG_ANALYZER_LOCALIZABILITY_NONLOCALIZED = YES;
				CLANG_ANALYZER_NONNULL = YES;
				CLANG_ANALYZER_NUMBER_OBJECT_CONVERSION = YES_AGGRESSIVE;
				CLANG_CXX_LANGUAGE_STANDARD = "gnu++14";
				CLANG_CXX_LIBRARY = "libc++";
				CLANG_ENABLE_MODULES = YES;
				CLANG_ENABLE_OBJC_ARC = YES;
				CLANG_WARN_BLOCK_CAPTURE_AUTORELEASING = YES;
				CLANG_WARN_BOOL_CONVERSION = YES;
				CLANG_WARN_COMMA = YES;
				CLANG_WARN_CONSTANT_CONVERSION = YES;
				CLANG_WARN_DEPRECATED_OBJC_IMPLEMENTATIONS = YES;
				CLANG_WARN_DIRECT_OBJC_ISA_USAGE = YES_ERROR;
				CLANG_WARN_DOCUMENTATION_COMMENTS = YES;
				CLANG_WARN_EMPTY_BODY = YES;
				CLANG_WARN_ENUM_CONVERSION = YES;
				CLANG_WARN_INFINITE_RECURSION = YES;
				CLANG_WARN_INT_CONVERSION = YES;
				CLANG_WARN_NON_LITERAL_NULL_CONVERSION = YES;
				CLANG_WARN_OBJC_IMPLICIT_RETAIN_SELF = YES;
				CLANG_WARN_OBJC_LITERAL_CONVERSION = YES;
				CLANG_WARN_OBJC_ROOT_CLASS = YES_ERROR;
				CLANG_WARN_QUOTED_INCLUDE_IN_FRAMEWORK_HEADER = YES;
				CLANG_WARN_RANGE_LOOP_ANALYSIS = YES;
				CLANG_WARN_STRICT_PROTOTYPES = YES;
				CLANG_WARN_SUSPICIOUS_MOVE = YES;
				CLANG_WARN_UNGUARDED_AVAILABILITY = YES_AGGRESSIVE;
				CLANG_WARN_UNREACHABLE_CODE = YES;
				CLANG_WARN__DUPLICATE_METHOD_MATCH = YES;
				CODE_SIGN_IDENTITY = "iPhone Developer";
				COPY_PHASE_STRIP = NO;
				CURRENT_PROJECT_VERSION = 1;
				DEBUG_INFORMATION_FORMAT = "dwarf-with-dsym";
				ENABLE_NS_ASSERTIONS = NO;
				ENABLE_STRICT_OBJC_MSGSEND = YES;
				EXCLUDED_ARCHS = "";
				GCC_C_LANGUAGE_STANDARD = gnu11;
				GCC_NO_COMMON_BLOCKS = YES;
				GCC_WARN_64_TO_32_BIT_CONVERSION = YES;
				GCC_WARN_ABOUT_RETURN_TYPE = YES_ERROR;
				GCC_WARN_UNDECLARED_SELECTOR = YES;
				GCC_WARN_UNINITIALIZED_AUTOS = YES_AGGRESSIVE;
				GCC_WARN_UNUSED_FUNCTION = YES;
				GCC_WARN_UNUSED_VARIABLE = YES;
				IPHONEOS_DEPLOYMENT_TARGET = 12.0;
				MTL_ENABLE_DEBUG_INFO = NO;
				OTHER_CFLAGS = (
					"-enable-library-evolution",
					"-emit-module-interface",
				);
				SDKROOT = iphoneos;
				SKIP_INSTALL = YES;
				STRIP_STYLE = debugging;
				SWIFT_OPTIMIZATION_LEVEL = "-Owholemodule";
				SWIFT_VERSION = 5.0;
				VALIDATE_PRODUCT = YES;
				VERSIONING_SYSTEM = "apple-generic";
				VERSION_INFO_PREFIX = "";
			};
			name = Release;
		};
		5226A89C2086523900C25B29 /* Debug */ = {
			isa = XCBuildConfiguration;
			baseConfigurationReference = 3EFBACB7E568A9800135889C /* Pods-ParknavSDK.debug.xcconfig */;
			buildSettings = {
				BUILD_LIBRARY_FOR_DISTRIBUTION = YES;
				CLANG_ENABLE_MODULES = YES;
				CODE_SIGN_IDENTITY = "";
				CODE_SIGN_STYLE = Automatic;
				DEFINES_MODULE = YES;
				DEVELOPMENT_TEAM = 63GNB8X89U;
				DYLIB_COMPATIBILITY_VERSION = 1;
				DYLIB_CURRENT_VERSION = 1;
				DYLIB_INSTALL_NAME_BASE = "@rpath";
				EXCLUDED_ARCHS = "";
				INFOPLIST_FILE = ParknavSDK/Info.plist;
				INSTALL_PATH = "$(LOCAL_LIBRARY_DIR)/Frameworks";
				IPHONEOS_DEPLOYMENT_TARGET = 13.0;
				LD_RUNPATH_SEARCH_PATHS = "$(inherited) @executable_path/Frameworks @loader_path/Frameworks";
				MARKETING_VERSION = 1.4.8;
				MTL_ENABLE_DEBUG_INFO = INCLUDE_SOURCE;
				ONLY_ACTIVE_ARCH = NO;
				OTHER_CFLAGS = (
					"-emit-module-interface",
					"-enable-library-evolution",
				);
				PRODUCT_BUNDLE_IDENTIFIER = com.parknav.sdk.navigation;
				PRODUCT_NAME = "$(TARGET_NAME:c99extidentifier)";
				PROVISIONING_PROFILE_SPECIFIER = "";
				SKIP_INSTALL = YES;
				SUPPORTS_MACCATALYST = YES;
				SWIFT_COMPILATION_MODE = singlefile;
				SWIFT_OPTIMIZATION_LEVEL = "-Onone";
				SWIFT_VERSION = 5.0;
				TARGETED_DEVICE_FAMILY = "1,2";
			};
			name = Debug;
		};
		5226A89D2086523900C25B29 /* Release */ = {
			isa = XCBuildConfiguration;
			baseConfigurationReference = E73F8F706CD12A7A5359CF42 /* Pods-ParknavSDK.release.xcconfig */;
			buildSettings = {
				BUILD_LIBRARY_FOR_DISTRIBUTION = YES;
				CLANG_ENABLE_MODULES = YES;
				CODE_SIGN_IDENTITY = "";
				CODE_SIGN_STYLE = Automatic;
				DEFINES_MODULE = YES;
				DEVELOPMENT_TEAM = 63GNB8X89U;
				DYLIB_COMPATIBILITY_VERSION = 1;
				DYLIB_CURRENT_VERSION = 1;
				DYLIB_INSTALL_NAME_BASE = "@rpath";
				EXCLUDED_ARCHS = "";
				INFOPLIST_FILE = ParknavSDK/Info.plist;
				INSTALL_PATH = "$(LOCAL_LIBRARY_DIR)/Frameworks";
				IPHONEOS_DEPLOYMENT_TARGET = 13.0;
				LD_RUNPATH_SEARCH_PATHS = "$(inherited) @executable_path/Frameworks @loader_path/Frameworks";
				MARKETING_VERSION = 1.4.8;
				OTHER_CFLAGS = (
					"-emit-module-interface",
					"-enable-library-evolution",
				);
				PRODUCT_BUNDLE_IDENTIFIER = com.parknav.sdk.navigation;
				PRODUCT_NAME = "$(TARGET_NAME:c99extidentifier)";
				PROVISIONING_PROFILE_SPECIFIER = "";
				SKIP_INSTALL = YES;
				SUPPORTS_MACCATALYST = YES;
				SWIFT_COMPILATION_MODE = wholemodule;
				SWIFT_VERSION = 5.0;
				TARGETED_DEVICE_FAMILY = "1,2";
			};
			name = Release;
		};
/* End XCBuildConfiguration section */

/* Begin XCConfigurationList section */
		5226A88D2086523900C25B29 /* Build configuration list for PBXProject "ParknavSDK" */ = {
			isa = XCConfigurationList;
			buildConfigurations = (
				5226A8992086523900C25B29 /* Debug */,
				5226A89A2086523900C25B29 /* Release */,
			);
			defaultConfigurationIsVisible = 0;
			defaultConfigurationName = Release;
		};
		5226A89B2086523900C25B29 /* Build configuration list for PBXNativeTarget "ParknavSDK" */ = {
			isa = XCConfigurationList;
			buildConfigurations = (
				5226A89C2086523900C25B29 /* Debug */,
				5226A89D2086523900C25B29 /* Release */,
			);
			defaultConfigurationIsVisible = 0;
			defaultConfigurationName = Release;
		};
/* End XCConfigurationList section */
	};
	rootObject = 5226A88A2086523900C25B29 /* Project object */;
}
